
Microsoft Visual Studio Solution File, Format Version 12.00
# Visual Studio 15
VisualStudioVersion = 15.0.26730.12
MinimumVisualStudioVersion = 10.0.40219.1
Project("{FAE04EC0-301F-11D3-BF4B-00C04F79EFBC}") = "ConnectionDam", "ConnectionDam\ConnectionDam.csproj", "{DAC70DDB-4834-4ECE-8788-370E10D83AFC}"
EndProject
Global
	GlobalSection(SolutionConfigurationPlatforms) = preSolution
		Debug|Any CPU = Debug|Any CPU
		Release|Any CPU = Release|Any CPU
	EndGlobalSection
	GlobalSection(ProjectConfigurationPlatforms) = postSolution
		{DAC70DDB-4834-4ECE-8788-370E10D83AFC}.Debug|Any CPU.ActiveCfg = Debug|Any CPU
		{DAC70DDB-4834-4ECE-8788-370E10D83AFC}.Debug|Any CPU.Build.0 = Debug|Any CPU
		{DAC70DDB-4834-4ECE-8788-370E10D83AFC}.Release|Any CPU.ActiveCfg = Release|Any CPU
		{DAC70DDB-4834-4ECE-8788-370E10D83AFC}.Release|Any CPU.Build.0 = Release|Any CPU
	EndGlobalSection
	GlobalSection(SolutionProperties) = preSolution
		HideSolutionNode = FALSE
	EndGlobalSection
	GlobalSection(ExtensibilityGlobals) = postSolution
		SolutionGuid = {3A8221EA-1C05-4971-B46A-8B0CE9199AEC}
	EndGlobalSection
EndGlobal
